
Microsoft Visual Studio Solution File, Format Version 12.00
# Visual Studio Version 17
VisualStudioVersion = 17.6.33829.357
MinimumVisualStudioVersion = 10.0.40219.1
Project("{9A19103F-16F7-4668-BE54-9A1E7A4F7556}") = "WebApp", "WebApp.csproj", "{435C0A8E-FE6C-4B0B-9172-9C1ED07D88C6}"
EndProject
Global
	GlobalSection(SolutionConfigurationPlatforms) = preSolution
		Debug|Any CPU = Debug|Any CPU
		Release|Any CPU = Release|Any CPU
	EndGlobalSection
	GlobalSection(ProjectConfigurationPlatforms) = postSolution
		{435C0A8E-FE6C-4B0B-9172-9C1ED07D88C6}.Debug|Any CPU.ActiveCfg = Debug|Any CPU
		{435C0A8E-FE6C-4B0B-9172-9C1ED07D88C6}.Debug|Any CPU.Build.0 = Debug|Any CPU
		{435C0A8E-FE6C-4B0B-9172-9C1ED07D88C6}.Release|Any CPU.ActiveCfg = Release|Any CPU
		{435C0A8E-FE6C-4B0B-9172-9C1ED07D88C6}.Release|Any CPU.Build.0 = Release|Any CPU
	EndGlobalSection
	GlobalSection(SolutionProperties) = preSolution
		HideSolutionNode = FALSE
	EndGlobalSection
	GlobalSection(ExtensibilityGlobals) = postSolution
		SolutionGuid = {52C73850-44F8-468B-8179-1DCC446B5074}
	EndGlobalSection
EndGlobal
